
Microsoft Visual Studio Solution File, Format Version 12.00
# Visual Studio Version 17
VisualStudioVersion = 17.5.002.0
MinimumVisualStudioVersion = 10.0.40219.1
Project("{9A19103F-16F7-4668-BE54-9A1E7A4F7556}") = "task28", "task28\task28.csproj", "{751800AD-ABC8-4D43-B363-E692D3B32BDD}"
EndProject
Project("{9A19103F-16F7-4668-BE54-9A1E7A4F7556}") = "task26", "task26\task26.csproj", "{30622827-C912-4C83-AEFD-546486E7E8B2}"
EndProject
Project("{9A19103F-16F7-4668-BE54-9A1E7A4F7556}") = "task21", "task21\task21.csproj", "{A5C691A8-478E-4B80-B6ED-C6E2737B8E3B}"
EndProject
Project("{9A19103F-16F7-4668-BE54-9A1E7A4F7556}") = "task24", "task24\task24.csproj", "{C9D7B8A1-E531-469D-8C1D-B13D2562EECA}"
EndProject
Project("{9A19103F-16F7-4668-BE54-9A1E7A4F7556}") = "task23", "task23\task23.csproj", "{14ABB28E-F9A7-41AF-82D6-9107475C808E}"
EndProject
Project("{9A19103F-16F7-4668-BE54-9A1E7A4F7556}") = "task22", "task22\task22.csproj", "{7E3ECC4D-EB38-45B9-AD57-8D3372131BE8}"
EndProject
Project("{2150E333-8FDC-42A3-9474-1A3956D46DE8}") = "task1-20", "task1-20", "{8ADCD518-2B9A-4BEF-8890-AC65C6B77464}"
EndProject
Project("{9A19103F-16F7-4668-BE54-9A1E7A4F7556}") = "task03", "task1-20\task03\task03.csproj", "{4261C519-BE55-40BA-8B91-E8E96A5CE831}"
EndProject
Project("{9A19103F-16F7-4668-BE54-9A1E7A4F7556}") = "task04", "task1-20\task04\task04.csproj", "{B6B623AE-4B82-435A-B44F-F5ACEAF296B0}"
EndProject
Project("{9A19103F-16F7-4668-BE54-9A1E7A4F7556}") = "task20", "task1-20\task20\task20.csproj", "{1D6346F9-7199-4B0E-8EFC-A14EA6B43B8B}"
EndProject
Project("{9A19103F-16F7-4668-BE54-9A1E7A4F7556}") = "task18", "task1-20\task18\task18.csproj", "{822D19A9-0906-464F-9015-6B2CC1B1FDF0}"
EndProject
Project("{9A19103F-16F7-4668-BE54-9A1E7A4F7556}") = "task16", "task1-20\task16\task16.csproj", "{B4F01FA1-D442-4AE6-AC95-F977B6503232}"
EndProject
Project("{9A19103F-16F7-4668-BE54-9A1E7A4F7556}") = "task17", "task1-20\task17\task17.csproj", "{62D06773-4099-49E7-B96A-24B1CD425D28}"
EndProject
Project("{9A19103F-16F7-4668-BE54-9A1E7A4F7556}") = "task10", "task1-20\task10\task10.csproj", "{E805D941-EDF2-4C74-AD77-A6E7946D611F}"
EndProject
Project("{9A19103F-16F7-4668-BE54-9A1E7A4F7556}") = "task19", "task1-20\task19\task19.csproj", "{BBD2CFEC-71E9-4F80-921D-31CCE26259A7}"
EndProject
Project("{9A19103F-16F7-4668-BE54-9A1E7A4F7556}") = "task07", "task1-20\task07\task07.csproj", "{7DA7EDF1-CDDE-4205-8BC5-56F5E77A01BA}"
EndProject
Project("{9A19103F-16F7-4668-BE54-9A1E7A4F7556}") = "C#", "task1-20\task00\C#.csproj", "{361DCB82-F73B-458D-BAC8-DE936357F9DC}"
EndProject
Project("{9A19103F-16F7-4668-BE54-9A1E7A4F7556}") = "task01", "task1-20\task01\task01.csproj", "{F50B3745-22EB-4F46-B55B-BF63C91DFA29}"
EndProject
Project("{9A19103F-16F7-4668-BE54-9A1E7A4F7556}") = "task15", "task1-20\task15\task15.csproj", "{ADEEE8F3-3F2B-4575-BD2E-06FAB3AB7F02}"
EndProject
Project("{9A19103F-16F7-4668-BE54-9A1E7A4F7556}") = "task12", "task1-20\task12\task12.csproj", "{BAA7C2C6-ED7C-4E8A-B513-04A8F2EC07DA}"
EndProject
Project("{9A19103F-16F7-4668-BE54-9A1E7A4F7556}") = "task13", "task1-20\task13\task13.csproj", "{5F84F9D6-ECD2-4324-BE88-BD41AC85EDDB}"
EndProject
Project("{9A19103F-16F7-4668-BE54-9A1E7A4F7556}") = "task14", "task1-20\task14\task14.csproj", "{354EB050-70E3-4B1B-B0E5-3CAAB8F6710A}"
EndProject
Global
	GlobalSection(SolutionConfigurationPlatforms) = preSolution
		Debug|Any CPU = Debug|Any CPU
		Release|Any CPU = Release|Any CPU
	EndGlobalSection
	GlobalSection(ProjectConfigurationPlatforms) = postSolution
		{751800AD-ABC8-4D43-B363-E692D3B32BDD}.Debug|Any CPU.ActiveCfg = Debug|Any CPU
		{751800AD-ABC8-4D43-B363-E692D3B32BDD}.Debug|Any CPU.Build.0 = Debug|Any CPU
		{751800AD-ABC8-4D43-B363-E692D3B32BDD}.Release|Any CPU.ActiveCfg = Release|Any CPU
		{751800AD-ABC8-4D43-B363-E692D3B32BDD}.Release|Any CPU.Build.0 = Release|Any CPU
		{30622827-C912-4C83-AEFD-546486E7E8B2}.Debug|Any CPU.ActiveCfg = Debug|Any CPU
		{30622827-C912-4C83-AEFD-546486E7E8B2}.Debug|Any CPU.Build.0 = Debug|Any CPU
		{30622827-C912-4C83-AEFD-546486E7E8B2}.Release|Any CPU.ActiveCfg = Release|Any CPU
		{30622827-C912-4C83-AEFD-546486E7E8B2}.Release|Any CPU.Build.0 = Release|Any CPU
		{A5C691A8-478E-4B80-B6ED-C6E2737B8E3B}.Debug|Any CPU.ActiveCfg = Debug|Any CPU
		{A5C691A8-478E-4B80-B6ED-C6E2737B8E3B}.Debug|Any CPU.Build.0 = Debug|Any CPU
		{A5C691A8-478E-4B80-B6ED-C6E2737B8E3B}.Release|Any CPU.ActiveCfg = Release|Any CPU
		{A5C691A8-478E-4B80-B6ED-C6E2737B8E3B}.Release|Any CPU.Build.0 = Release|Any CPU
		{C9D7B8A1-E531-469D-8C1D-B13D2562EECA}.Debug|Any CPU.ActiveCfg = Debug|Any CPU
		{C9D7B8A1-E531-469D-8C1D-B13D2562EECA}.Debug|Any CPU.Build.0 = Debug|Any CPU
		{C9D7B8A1-E531-469D-8C1D-B13D2562EECA}.Release|Any CPU.ActiveCfg = Release|Any CPU
		{C9D7B8A1-E531-469D-8C1D-B13D2562EECA}.Release|Any CPU.Build.0 = Release|Any CPU
		{14ABB28E-F9A7-41AF-82D6-9107475C808E}.Debug|Any CPU.ActiveCfg = Debug|Any CPU
		{14ABB28E-F9A7-41AF-82D6-9107475C808E}.Debug|Any CPU.Build.0 = Debug|Any CPU
		{14ABB28E-F9A7-41AF-82D6-9107475C808E}.Release|Any CPU.ActiveCfg = Release|Any CPU
		{14ABB28E-F9A7-41AF-82D6-9107475C808E}.Release|Any CPU.Build.0 = Release|Any CPU
		{7E3ECC4D-EB38-45B9-AD57-8D3372131BE8}.Debug|Any CPU.ActiveCfg = Debug|Any CPU
		{7E3ECC4D-EB38-45B9-AD57-8D3372131BE8}.Debug|Any CPU.Build.0 = Debug|Any CPU
		{7E3ECC4D-EB38-45B9-AD57-8D3372131BE8}.Release|Any CPU.ActiveCfg = Release|Any CPU
		{7E3ECC4D-EB38-45B9-AD57-8D3372131BE8}.Release|Any CPU.Build.0 = Release|Any CPU
		{4261C519-BE55-40BA-8B91-E8E96A5CE831}.Debug|Any CPU.ActiveCfg = Debug|Any CPU
		{4261C519-BE55-40BA-8B91-E8E96A5CE831}.Debug|Any CPU.Build.0 = Debug|Any CPU
		{4261C519-BE55-40BA-8B91-E8E96A5CE831}.Release|Any CPU.ActiveCfg = Release|Any CPU
		{4261C519-BE55-40BA-8B91-E8E96A5CE831}.Release|Any CPU.Build.0 = Release|Any CPU
		{B6B623AE-4B82-435A-B44F-F5ACEAF296B0}.Debug|Any CPU.ActiveCfg = Debug|Any CPU
		{B6B623AE-4B82-435A-B44F-F5ACEAF296B0}.Debug|Any CPU.Build.0 = Debug|Any CPU
		{B6B623AE-4B82-435A-B44F-F5ACEAF296B0}.Release|Any CPU.ActiveCfg = Release|Any CPU
		{B6B623AE-4B82-435A-B44F-F5ACEAF296B0}.Release|Any CPU.Build.0 = Release|Any CPU
		{1D6346F9-7199-4B0E-8EFC-A14EA6B43B8B}.Debug|Any CPU.ActiveCfg = Debug|Any CPU
		{1D6346F9-7199-4B0E-8EFC-A14EA6B43B8B}.Debug|Any CPU.Build.0 = Debug|Any CPU
		{1D6346F9-7199-4B0E-8EFC-A14EA6B43B8B}.Release|Any CPU.ActiveCfg = Release|Any CPU
		{1D6346F9-7199-4B0E-8EFC-A14EA6B43B8B}.Release|Any CPU.Build.0 = Release|Any CPU
		{822D19A9-0906-464F-9015-6B2CC1B1FDF0}.Debug|Any CPU.ActiveCfg = Debug|Any CPU
		{822D19A9-0906-464F-9015-6B2CC1B1FDF0}.Debug|Any CPU.Build.0 = Debug|Any CPU
		{822D19A9-0906-464F-9015-6B2CC1B1FDF0}.Release|Any CPU.ActiveCfg = Release|Any CPU
		{822D19A9-0906-464F-9015-6B2CC1B1FDF0}.Release|Any CPU.Build.0 = Release|Any CPU
		{B4F01FA1-D442-4AE6-AC95-F977B6503232}.Debug|Any CPU.ActiveCfg = Debug|Any CPU
		{B4F01FA1-D442-4AE6-AC95-F977B6503232}.Debug|Any CPU.Build.0 = Debug|Any CPU
		{B4F01FA1-D442-4AE6-AC95-F977B6503232}.Release|Any CPU.ActiveCfg = Release|Any CPU
		{B4F01FA1-D442-4AE6-AC95-F977B6503232}.Release|Any CPU.Build.0 = Release|Any CPU
		{62D06773-4099-49E7-B96A-24B1CD425D28}.Debug|Any CPU.ActiveCfg = Debug|Any CPU
		{62D06773-4099-49E7-B96A-24B1CD425D28}.Debug|Any CPU.Build.0 = Debug|Any CPU
		{62D06773-4099-49E7-B96A-24B1CD425D28}.Release|Any CPU.ActiveCfg = Release|Any CPU
		{62D06773-4099-49E7-B96A-24B1CD425D28}.Release|Any CPU.Build.0 = Release|Any CPU
		{E805D941-EDF2-4C74-AD77-A6E7946D611F}.Debug|Any CPU.ActiveCfg = Debug|Any CPU
		{E805D941-EDF2-4C74-AD77-A6E7946D611F}.Debug|Any CPU.Build.0 = Debug|Any CPU
		{E805D941-EDF2-4C74-AD77-A6E7946D611F}.Release|Any CPU.ActiveCfg = Release|Any CPU
		{E805D941-EDF2-4C74-AD77-A6E7946D611F}.Release|Any CPU.Build.0 = Release|Any CPU
		{BBD2CFEC-71E9-4F80-921D-31CCE26259A7}.Debug|Any CPU.ActiveCfg = Debug|Any CPU
		{BBD2CFEC-71E9-4F80-921D-31CCE26259A7}.Debug|Any CPU.Build.0 = Debug|Any CPU
		{BBD2CFEC-71E9-4F80-921D-31CCE26259A7}.Release|Any CPU.ActiveCfg = Release|Any CPU
		{BBD2CFEC-71E9-4F80-921D-31CCE26259A7}.Release|Any CPU.Build.0 = Release|Any CPU
		{7DA7EDF1-CDDE-4205-8BC5-56F5E77A01BA}.Debug|Any CPU.ActiveCfg = Debug|Any CPU
		{7DA7EDF1-CDDE-4205-8BC5-56F5E77A01BA}.Debug|Any CPU.Build.0 = Debug|Any CPU
		{7DA7EDF1-CDDE-4205-8BC5-56F5E77A01BA}.Release|Any CPU.ActiveCfg = Release|Any CPU
		{7DA7EDF1-CDDE-4205-8BC5-56F5E77A01BA}.Release|Any CPU.Build.0 = Release|Any CPU
		{361DCB82-F73B-458D-BAC8-DE936357F9DC}.Debug|Any CPU.ActiveCfg = Debug|Any CPU
		{361DCB82-F73B-458D-BAC8-DE936357F9DC}.Debug|Any CPU.Build.0 = Debug|Any CPU
		{361DCB82-F73B-458D-BAC8-DE936357F9DC}.Release|Any CPU.ActiveCfg = Release|Any CPU
		{361DCB82-F73B-458D-BAC8-DE936357F9DC}.Release|Any CPU.Build.0 = Release|Any CPU
		{F50B3745-22EB-4F46-B55B-BF63C91DFA29}.Debug|Any CPU.ActiveCfg = Debug|Any CPU
		{F50B3745-22EB-4F46-B55B-BF63C91DFA29}.Debug|Any CPU.Build.0 = Debug|Any CPU
		{F50B3745-22EB-4F46-B55B-BF63C91DFA29}.Release|Any CPU.ActiveCfg = Release|Any CPU
		{F50B3745-22EB-4F46-B55B-BF63C91DFA29}.Release|Any CPU.Build.0 = Release|Any CPU
		{ADEEE8F3-3F2B-4575-BD2E-06FAB3AB7F02}.Debug|Any CPU.ActiveCfg = Debug|Any CPU
		{ADEEE8F3-3F2B-4575-BD2E-06FAB3AB7F02}.Debug|Any CPU.Build.0 = Debug|Any CPU
		{ADEEE8F3-3F2B-4575-BD2E-06FAB3AB7F02}.Release|Any CPU.ActiveCfg = Release|Any CPU
		{ADEEE8F3-3F2B-4575-BD2E-06FAB3AB7F02}.Release|Any CPU.Build.0 = Release|Any CPU
		{BAA7C2C6-ED7C-4E8A-B513-04A8F2EC07DA}.Debug|Any CPU.ActiveCfg = Debug|Any CPU
		{BAA7C2C6-ED7C-4E8A-B513-04A8F2EC07DA}.Debug|Any CPU.Build.0 = Debug|Any CPU
		{BAA7C2C6-ED7C-4E8A-B513-04A8F2EC07DA}.Release|Any CPU.ActiveCfg = Release|Any CPU
		{BAA7C2C6-ED7C-4E8A-B513-04A8F2EC07DA}.Release|Any CPU.Build.0 = Release|Any CPU
		{5F84F9D6-ECD2-4324-BE88-BD41AC85EDDB}.Debug|Any CPU.ActiveCfg = Debug|Any CPU
		{5F84F9D6-ECD2-4324-BE88-BD41AC85EDDB}.Debug|Any CPU.Build.0 = Debug|Any CPU
		{5F84F9D6-ECD2-4324-BE88-BD41AC85EDDB}.Release|Any CPU.ActiveCfg = Release|Any CPU
		{5F84F9D6-ECD2-4324-BE88-BD41AC85EDDB}.Release|Any CPU.Build.0 = Release|Any CPU
		{354EB050-70E3-4B1B-B0E5-3CAAB8F6710A}.Debug|Any CPU.ActiveCfg = Debug|Any CPU
		{354EB050-70E3-4B1B-B0E5-3CAAB8F6710A}.Debug|Any CPU.Build.0 = Debug|Any CPU
		{354EB050-70E3-4B1B-B0E5-3CAAB8F6710A}.Release|Any CPU.ActiveCfg = Release|Any CPU
		{354EB050-70E3-4B1B-B0E5-3CAAB8F6710A}.Release|Any CPU.Build.0 = Release|Any CPU
	EndGlobalSection
	GlobalSection(SolutionProperties) = preSolution
		HideSolutionNode = FALSE
	EndGlobalSection
	GlobalSection(NestedProjects) = preSolution
		{4261C519-BE55-40BA-8B91-E8E96A5CE831} = {8ADCD518-2B9A-4BEF-8890-AC65C6B77464}
		{B6B623AE-4B82-435A-B44F-F5ACEAF296B0} = {8ADCD518-2B9A-4BEF-8890-AC65C6B77464}
		{1D6346F9-7199-4B0E-8EFC-A14EA6B43B8B} = {8ADCD518-2B9A-4BEF-8890-AC65C6B77464}
		{822D19A9-0906-464F-9015-6B2CC1B1FDF0} = {8ADCD518-2B9A-4BEF-8890-AC65C6B77464}
		{B4F01FA1-D442-4AE6-AC95-F977B6503232} = {8ADCD518-2B9A-4BEF-8890-AC65C6B77464}
		{62D06773-4099-49E7-B96A-24B1CD425D28} = {8ADCD518-2B9A-4BEF-8890-AC65C6B77464}
		{E805D941-EDF2-4C74-AD77-A6E7946D611F} = {8ADCD518-2B9A-4BEF-8890-AC65C6B77464}
		{BBD2CFEC-71E9-4F80-921D-31CCE26259A7} = {8ADCD518-2B9A-4BEF-8890-AC65C6B77464}
		{7DA7EDF1-CDDE-4205-8BC5-56F5E77A01BA} = {8ADCD518-2B9A-4BEF-8890-AC65C6B77464}
		{361DCB82-F73B-458D-BAC8-DE936357F9DC} = {8ADCD518-2B9A-4BEF-8890-AC65C6B77464}
		{F50B3745-22EB-4F46-B55B-BF63C91DFA29} = {8ADCD518-2B9A-4BEF-8890-AC65C6B77464}
		{ADEEE8F3-3F2B-4575-BD2E-06FAB3AB7F02} = {8ADCD518-2B9A-4BEF-8890-AC65C6B77464}
		{BAA7C2C6-ED7C-4E8A-B513-04A8F2EC07DA} = {8ADCD518-2B9A-4BEF-8890-AC65C6B77464}
		{5F84F9D6-ECD2-4324-BE88-BD41AC85EDDB} = {8ADCD518-2B9A-4BEF-8890-AC65C6B77464}
		{354EB050-70E3-4B1B-B0E5-3CAAB8F6710A} = {8ADCD518-2B9A-4BEF-8890-AC65C6B77464}
	EndGlobalSection
	GlobalSection(ExtensibilityGlobals) = postSolution
		SolutionGuid = {BA709E22-31D0-4A55-82BB-9A4B987E03C3}
	EndGlobalSection
EndGlobal
